// !$*UTF8*$!
{
	archiveVersion = 1;
	classes = {
	};
	objectVersion = 48;
	objects = {

/* Begin PBXBuildFile section */
		B8DF3F671FD0E6F7004D66B7 /* AppDelegate.m in Sources */ = {isa = PBXBuildFile; fileRef = B8DF3F661FD0E6F7004D66B7 /* AppDelegate.m */; };
		B8DF3F6A1FD0E6F7004D66B7 /* ViewController.m in Sources */ = {isa = PBXBuildFile; fileRef = B8DF3F691FD0E6F7004D66B7 /* ViewController.m */; };
		B8DF3F6D1FD0E6F7004D66B7 /* Main.storyboard in Resources */ = {isa = PBXBuildFile; fileRef = B8DF3F6B1FD0E6F7004D66B7 /* Main.storyboard */; };
		B8DF3F6F1FD0E6F7004D66B7 /* Assets.xcassets in Resources */ = {isa = PBXBuildFile; fileRef = B8DF3F6E1FD0E6F7004D66B7 /* Assets.xcassets */; };
		B8DF3F721FD0E6F7004D66B7 /* LaunchScreen.storyboard in Resources */ = {isa = PBXBuildFile; fileRef = B8DF3F701FD0E6F7004D66B7 /* LaunchScreen.storyboard */; };
		B8DF3F751FD0E6F7004D66B7 /* main.m in Sources */ = {isa = PBXBuildFile; fileRef = B8DF3F741FD0E6F7004D66B7 /* main.m */; };
		B8DF3F7E1FD0E7F0004D66B7 /* addressList.plist in Resources */ = {isa = PBXBuildFile; fileRef = B8DF3F7D1FD0E7F0004D66B7 /* addressList.plist */; };
		B8DF3F831FD0EF95004D66B7 /* ZNVariablePickerViewManager.m in Sources */ = {isa = PBXBuildFile; fileRef = B8DF3F801FD0EF95004D66B7 /* ZNVariablePickerViewManager.m */; };
		B8DF3F841FD0EF95004D66B7 /* ZNVariablePickerView.m in Sources */ = {isa = PBXBuildFile; fileRef = B8DF3F821FD0EF95004D66B7 /* ZNVariablePickerView.m */; };
/* End PBXBuildFile section */

/* Begin PBXFileReference section */
		B8DF3F621FD0E6F7004D66B7 /* ZNVariablePickerView.app */ = {isa = PBXFileReference; explicitFileType = wrapper.application; includeInIndex = 0; path = ZNVariablePickerView.app; sourceTree = BUILT_PRODUCTS_DIR; };
		B8DF3F651FD0E6F7004D66B7 /* AppDelegate.h */ = {isa = PBXFileReference; lastKnownFileType = sourcecode.c.h; path = AppDelegate.h; sourceTree = "<group>"; };
		B8DF3F661FD0E6F7004D66B7 /* AppDelegate.m */ = {isa = PBXFileReference; lastKnownFileType = sourcecode.c.objc; path = AppDelegate.m; sourceTree = "<group>"; };
		B8DF3F681FD0E6F7004D66B7 /* ViewController.h */ = {isa = PBXFileReference; lastKnownFileType = sourcecode.c.h; path = ViewController.h; sourceTree = "<group>"; };
		B8DF3F691FD0E6F7004D66B7 /* ViewController.m */ = {isa = PBXFileReference; lastKnownFileType = sourcecode.c.objc; path = ViewController.m; sourceTree = "<group>"; };
		B8DF3F6C1FD0E6F7004D66B7 /* Base */ = {isa = PBXFileReference; lastKnownFileType = file.storyboard; name = Base; path = Base.lproj/Main.storyboard; sourceTree = "<group>"; };
		B8DF3F6E1FD0E6F7004D66B7 /* Assets.xcassets */ = {isa = PBXFileReference; lastKnownFileType = folder.assetcatalog; path = Assets.xcassets; sourceTree = "<group>"; };
		B8DF3F711FD0E6F7004D66B7 /* Base */ = {isa = PBXFileReference; lastKnownFileType = file.storyboard; name = Base; path = Base.lproj/LaunchScreen.storyboard; sourceTree = "<group>"; };
		B8DF3F731FD0E6F7004D66B7 /* Info.plist */ = {isa = PBXFileReference; lastKnownFileType = text.plist.xml; path = Info.plist; sourceTree = "<group>"; };
		B8DF3F741FD0E6F7004D66B7 /* main.m */ = {isa = PBXFileReference; lastKnownFileType = sourcecode.c.objc; path = main.m; sourceTree = "<group>"; };
		B8DF3F7D1FD0E7F0004D66B7 /* addressList.plist */ = {isa = PBXFileReference; lastKnownFileType = text.plist.xml; path = addressList.plist; sourceTree = "<group>"; };
		B8DF3F7F1FD0EF95004D66B7 /* ZNVariablePickerViewManager.h */ = {isa = PBXFileReference; lastKnownFileType = sourcecode.c.h; path = ZNVariablePickerViewManager.h; sourceTree = "<group>"; };
		B8DF3F801FD0EF95004D66B7 /* ZNVariablePickerViewManager.m */ = {isa = PBXFileReference; lastKnownFileType = sourcecode.c.objc; path = ZNVariablePickerViewManager.m; sourceTree = "<group>"; };
		B8DF3F811FD0EF95004D66B7 /* ZNVariablePickerView.h */ = {isa = PBXFileReference; lastKnownFileType = sourcecode.c.h; path = ZNVariablePickerView.h; sourceTree = "<group>"; };
		B8DF3F821FD0EF95004D66B7 /* ZNVariablePickerView.m */ = {isa = PBXFileReference; lastKnownFileType = sourcecode.c.objc; path = ZNVariablePickerView.m; sourceTree = "<group>"; };
/* End PBXFileReference section */

/* Begin PBXFrameworksBuildPhase section */
		B8DF3F5F1FD0E6F7004D66B7 /* Frameworks */ = {
			isa = PBXFrameworksBuildPhase;
			buildActionMask = 2147483647;
			files = (
			);
			runOnlyForDeploymentPostprocessing = 0;
		};
/* End PBXFrameworksBuildPhase section */

/* Begin PBXGroup section */
		B8DF3F591FD0E6F7004D66B7 = {
			isa = PBXGroup;
			children = (
				B8DF3F7D1FD0E7F0004D66B7 /* addressList.plist */,
				B8DF3F641FD0E6F7004D66B7 /* ZNVariablePickerView */,
				B8DF3F631FD0E6F7004D66B7 /* Products */,
			);
			sourceTree = "<group>";
		};
		B8DF3F631FD0E6F7004D66B7 /* Products */ = {
			isa = PBXGroup;
			children = (
				B8DF3F621FD0E6F7004D66B7 /* ZNVariablePickerView.app */,
			);
			name = Products;
			sourceTree = "<group>";
		};
		B8DF3F641FD0E6F7004D66B7 /* ZNVariablePickerView */ = {
			isa = PBXGroup;
			children = (
				B8DF3F651FD0E6F7004D66B7 /* AppDelegate.h */,
				B8DF3F661FD0E6F7004D66B7 /* AppDelegate.m */,
				B8DF3F681FD0E6F7004D66B7 /* ViewController.h */,
				B8DF3F691FD0E6F7004D66B7 /* ViewController.m */,
				B8DF3F851FD0EFC0004D66B7 /* variablePickerView */,
				B8DF3F6B1FD0E6F7004D66B7 /* Main.storyboard */,
				B8DF3F6E1FD0E6F7004D66B7 /* Assets.xcassets */,
				B8DF3F701FD0E6F7004D66B7 /* LaunchScreen.storyboard */,
				B8DF3F731FD0E6F7004D66B7 /* Info.plist */,
				B8DF3F741FD0E6F7004D66B7 /* main.m */,
			);
			path = ZNVariablePickerView;
			sourceTree = "<group>";
		};
		B8DF3F851FD0EFC0004D66B7 /* variablePickerView */ = {
			isa = PBXGroup;
			children = (
				B8DF3F811FD0EF95004D66B7 /* ZNVariablePickerView.h */,
				B8DF3F821FD0EF95004D66B7 /* ZNVariablePickerView.m */,
				B8DF3F7F1FD0EF95004D66B7 /* ZNVariablePickerViewManager.h */,
				B8DF3F801FD0EF95004D66B7 /* ZNVariablePickerViewManager.m */,
			);
			path = variablePickerView;
			sourceTree = "<group>";
		};
/* End PBXGroup section */

/* Begin PBXNativeTarget section */
		B8DF3F611FD0E6F7004D66B7 /* ZNVariablePickerView */ = {
			isa = PBXNativeTarget;
			buildConfigurationList = B8DF3F781FD0E6F7004D66B7 /* Build configuration list for PBXNativeTarget "ZNVariablePickerView" */;
			buildPhases = (
				B8DF3F5E1FD0E6F7004D66B7 /* Sources */,
				B8DF3F5F1FD0E6F7004D66B7 /* Frameworks */,
				B8DF3F601FD0E6F7004D66B7 /* Resources */,
			);
			buildRules = (
			);
			dependencies = (
			);
			name = ZNVariablePickerView;
			productName = ZNVariablePickerView;
			productReference = B8DF3F621FD0E6F7004D66B7 /* ZNVariablePickerView.app */;
			productType = "com.apple.product-type.application";
		};
/* End PBXNativeTarget section */

/* Begin PBXProject section */
		B8DF3F5A1FD0E6F7004D66B7 /* Project object */ = {
			isa = PBXProject;
			attributes = {
				LastUpgradeCheck = 0900;
				ORGANIZATIONNAME = ZN;
				TargetAttributes = {
					B8DF3F611FD0E6F7004D66B7 = {
						CreatedOnToolsVersion = 9.0;
						ProvisioningStyle = Automatic;
					};
				};
			};
			buildConfigurationList = B8DF3F5D1FD0E6F7004D66B7 /* Build configuration list for PBXProject "ZNVariablePickerView" */;
			compatibilityVersion = "Xcode 8.0";
			developmentRegion = en;
			hasScannedForEncodings = 0;
			knownRegions = (
				en,
				Base,
			);
			mainGroup = B8DF3F591FD0E6F7004D66B7;
			productRefGroup = B8DF3F631FD0E6F7004D66B7 /* Products */;
			projectDirPath = "";
			projectRoot = "";
			targets = (
				B8DF3F611FD0E6F7004D66B7 /* ZNVariablePickerView */,
			);
		};
/* End PBXProject section */

/* Begin PBXResourcesBuildPhase section */
		B8DF3F601FD0E6F7004D66B7 /* Resources */ = {
			isa = PBXResourcesBuildPhase;
			buildActionMask = 2147483647;
			files = (
				B8DF3F7E1FD0E7F0004D66B7 /* addressList.plist in Resources */,
				B8DF3F721FD0E6F7004D66B7 /* LaunchScreen.storyboard in Resources */,
				B8DF3F6F1FD0E6F7004D66B7 /* Assets.xcassets in Resources */,
				B8DF3F6D1FD0E6F7004D66B7 /* Main.storyboard in Resources */,
			);
			runOnlyForDeploymentPostprocessing = 0;
		};
/* End PBXResourcesBuildPhase section */

/* Begin PBXSourcesBuildPhase section */
		B8DF3F5E1FD0E6F7004D66B7 /* Sources */ = {
			isa = PBXSourcesBuildPhase;
			buildActionMask = 2147483647;
			files = (
				B8DF3F6A1FD0E6F7004D66B7 /* ViewController.m in Sources */,
				B8DF3F751FD0E6F7004D66B7 /* main.m in Sources */,
				B8DF3F841FD0EF95004D66B7 /* ZNVariablePickerView.m in Sources */,
				B8DF3F831FD0EF95004D66B7 /* ZNVariablePickerViewManager.m in Sources */,
				B8DF3F671FD0E6F7004D66B7 /* AppDelegate.m in Sources */,
			);
			runOnlyForDeploymentPostprocessing = 0;
		};
/* End PBXSourcesBuildPhase section */

/* Begin PBXVariantGroup section */
		B8DF3F6B1FD0E6F7004D66B7 /* Main.storyboard */ = {
			isa = PBXVariantGroup;
			children = (
				B8DF3F6C1FD0E6F7004D66B7 /* Base */,
			);
			name = Main.storyboard;
			sourceTree = "<group>";
		};
		B8DF3F701FD0E6F7004D66B7 /* LaunchScreen.storyboard */ = {
			isa = PBXVariantGroup;
			children = (
				B8DF3F711FD0E6F7004D66B7 /* Base */,
			);
			name = LaunchScreen.storyboard;
			sourceTree = "<group>";
		};
/* End PBXVariantGroup section */

/* Begin XCBuildConfiguration section */
		B8DF3F761FD0E6F7004D66B7 /* Debug */ = {
			isa = XCBuildConfiguration;
			buildSettings = {
				ALWAYS_SEARCH_USER_PATHS = NO;
				CLANG_ANALYZER_NONNULL = YES;
				CLANG_ANALYZER_NUMBER_OBJECT_CONVERSION = YES_AGGRESSIVE;
				CLANG_CXX_LANGUAGE_STANDARD = "gnu++14";
				CLANG_CXX_LIBRARY = "libc++";
				CLANG_ENABLE_MODULES = YES;
				CLANG_ENABLE_OBJC_ARC = YES;
				CLANG_WARN_BLOCK_CAPTURE_AUTORELEASING = YES;
				CLANG_WARN_BOOL_CONVERSION = YES;
				CLANG_WARN_COMMA = YES;
				CLANG_WARN_CONSTANT_CONVERSION = YES;
				CLANG_WARN_DIRECT_OBJC_ISA_USAGE = YES_ERROR;
				CLANG_WARN_DOCUMENTATION_COMMENTS = YES;
				CLANG_WARN_EMPTY_BODY = YES;
				CLANG_WARN_ENUM_CONVERSION = YES;
				CLANG_WARN_INFINITE_RECURSION = YES;
				CLANG_WARN_INT_CONVERSION = YES;
				CLANG_WARN_NON_LITERAL_NULL_CONVERSION = YES;
				CLANG_WARN_OBJC_LITERAL_CONVERSION = YES;
				CLANG_WARN_OBJC_ROOT_CLASS = YES_ERROR;
				CLANG_WARN_RANGE_LOOP_ANALYSIS = YES;
				CLANG_WARN_STRICT_PROTOTYPES = YES;
				CLANG_WARN_SUSPICIOUS_MOVE = YES;
				CLANG_WARN_UNGUARDED_AVAILABILITY = YES_AGGRESSIVE;
				CLANG_WARN_UNREACHABLE_CODE = YES;
				CLANG_WARN__DUPLICATE_METHOD_MATCH = YES;
				CODE_SIGN_IDENTITY = "iPhone Developer";
				COPY_PHASE_STRIP = NO;
				DEBUG_INFORMATION_FORMAT = dwarf;
				ENABLE_STRICT_OBJC_MSGSEND = YES;
				ENABLE_TESTABILITY = YES;
				GCC_C_LANGUAGE_STANDARD = gnu11;
				GCC_DYNAMIC_NO_PIC = NO;
				GCC_NO_COMMON_BLOCKS = YES;
				GCC_OPTIMIZATION_LEVEL = 0;
				GCC_PREPROCESSOR_DEFINITIONS = (
					"DEBUG=1",
					"$(inherited)",
				);
				GCC_WARN_64_TO_32_BIT_CONVERSION = YES;
				GCC_WARN_ABOUT_RETURN_TYPE = YES_ERROR;
				GCC_WARN_UNDECLARED_SELECTOR = YES;
				GCC_WARN_UNINITIALIZED_AUTOS = YES_AGGRESSIVE;
				GCC_WARN_UNUSED_FUNCTION = YES;
				GCC_WARN_UNUSED_VARIABLE = YES;
				IPHONEOS_DEPLOYMENT_TARGET = 11.0;
				MTL_ENABLE_DEBUG_INFO = YES;
				ONLY_ACTIVE_ARCH = YES;
				SDKROOT = iphoneos;
			};
			name = Debug;
		};
		B8DF3F771FD0E6F7004D66B7 /* Release */ = {
			isa = XCBuildConfiguration;
			buildSettings = {
				ALWAYS_SEARCH_USER_PATHS = NO;
				CLANG_ANALYZER_NONNULL = YES;
				CLANG_ANALYZER_NUMBER_OBJECT_CONVERSION = YES_AGGRESSIVE;
				CLANG_CXX_LANGUAGE_STANDARD = "gnu++14";
				CLANG_CXX_LIBRARY = "libc++";
				CLANG_ENABLE_MODULES = YES;
				CLANG_ENABLE_OBJC_ARC = YES;
				CLANG_WARN_BLOCK_CAPTURE_AUTORELEASING = YES;
				CLANG_WARN_BOOL_CONVERSION = YES;
				CLANG_WARN_COMMA = YES;
				CLANG_WARN_CONSTANT_CONVERSION = YES;
				CLANG_WARN_DIRECT_OBJC_ISA_USAGE = YES_ERROR;
				CLANG_WARN_DOCUMENTATION_COMMENTS = YES;
				CLANG_WARN_EMPTY_BODY = YES;
				CLANG_WARN_ENUM_CONVERSION = YES;
				CLANG_WARN_INFINITE_RECURSION = YES;
				CLANG_WARN_INT_CONVERSION = YES;
				CLANG_WARN_NON_LITERAL_NULL_CONVERSION = YES;
				CLANG_WARN_OBJC_LITERAL_CONVERSION = YES;
				CLANG_WARN_OBJC_ROOT_CLASS = YES_ERROR;
				CLANG_WARN_RANGE_LOOP_ANALYSIS = YES;
				CLANG_WARN_STRICT_PROTOTYPES = YES;
				CLANG_WARN_SUSPICIOUS_MOVE = YES;
				CLANG_WARN_UNGUARDED_AVAILABILITY = YES_AGGRESSIVE;
				CLANG_WARN_UNREACHABLE_CODE = YES;
				CLANG_WARN__DUPLICATE_METHOD_MATCH = YES;
				CODE_SIGN_IDENTITY = "iPhone Developer";
				COPY_PHASE_STRIP = NO;
				DEBUG_INFORMATION_FORMAT = "dwarf-with-dsym";
				ENABLE_NS_ASSERTIONS = NO;
				ENABLE_STRICT_OBJC_MSGSEND = YES;
				GCC_C_LANGUAGE_STANDARD = gnu11;
				GCC_NO_COMMON_BLOCKS = YES;
				GCC_WARN_64_TO_32_BIT_CONVERSION = YES;
				GCC_WARN_ABOUT_RETURN_TYPE = YES_ERROR;
				GCC_WARN_UNDECLARED_SELECTOR = YES;
				GCC_WARN_UNINITIALIZED_AUTOS = YES_AGGRESSIVE;
				GCC_WARN_UNUSED_FUNCTION = YES;
				GCC_WARN_UNUSED_VARIABLE = YES;
				IPHONEOS_DEPLOYMENT_TARGET = 11.0;
				MTL_ENABLE_DEBUG_INFO = NO;
				SDKROOT = iphoneos;
				VALIDATE_PRODUCT = YES;
			};
			name = Release;
		};
		B8DF3F791FD0E6F7004D66B7 /* Debug */ = {
			isa = XCBuildConfiguration;
			buildSettings = {
				ASSETCATALOG_COMPILER_APPICON_NAME = AppIcon;
				CODE_SIGN_STYLE = Automatic;
				DEVELOPMENT_TEAM = 6TNR5YMG44;
				INFOPLIST_FILE = ZNVariablePickerView/Info.plist;
				IPHONEOS_DEPLOYMENT_TARGET = 9.2;
				LD_RUNPATH_SEARCH_PATHS = "$(inherited) @executable_path/Frameworks";
				PRODUCT_BUNDLE_IDENTIFIER = yjzhdzj.ZNVariablePickerView;
				PRODUCT_NAME = "$(TARGET_NAME)";
				TARGETED_DEVICE_FAMILY = "1,2";
			};
			name = Debug;
		};
		B8DF3F7A1FD0E6F7004D66B7 /* Release */ = {
			isa = XCBuildConfiguration;
			buildSettings = {
				ASSETCATALOG_COMPILER_APPICON_NAME = AppIcon;
				CODE_SIGN_STYLE = Automatic;
				DEVELOPMENT_TEAM = 6TNR5YMG44;
				INFOPLIST_FILE = ZNVariablePickerView/Info.plist;
				IPHONEOS_DEPLOYMENT_TARGET = 9.2;
				LD_RUNPATH_SEARCH_PATHS = "$(inherited) @executable_path/Frameworks";
				PRODUCT_BUNDLE_IDENTIFIER = yjzhdzj.ZNVariablePickerView;
				PRODUCT_NAME = "$(TARGET_NAME)";
				TARGETED_DEVICE_FAMILY = "1,2";
			};
			name = Release;
		};
/* End XCBuildConfiguration section */

/* Begin XCConfigurationList section */
		B8DF3F5D1FD0E6F7004D66B7 /* Build configuration list for PBXProject "ZNVariablePickerView" */ = {
			isa = XCConfigurationList;
			buildConfigurations = (
				B8DF3F761FD0E6F7004D66B7 /* Debug */,
				B8DF3F771FD0E6F7004D66B7 /* Release */,
			);
			defaultConfigurationIsVisible = 0;
			defaultConfigurationName = Release;
		};
		B8DF3F781FD0E6F7004D66B7 /* Build configuration list for PBXNativeTarget "ZNVariablePickerView" */ = {
			isa = XCConfigurationList;
			buildConfigurations = (
				B8DF3F791FD0E6F7004D66B7 /* Debug */,
				B8DF3F7A1FD0E6F7004D66B7 /* Release */,
			);
			defaultConfigurationIsVisible = 0;
			defaultConfigurationName = Release;
		};
/* End XCConfigurationList section */
	};
	rootObject = B8DF3F5A1FD0E6F7004D66B7 /* Project object */;
}
